<?xml version="1.0" encoding="utf-8"?>
<Project ToolsVersion="4.0" xmlns="http://schemas.microsoft.com/developer/msbuild/2003">
  <ItemGroup>
    <Filter Include="Source Files">
      <UniqueIdentifier>{4FC737F1-C7A5-4376-A066-2A32D752A2FF}</UniqueIdentifier>
      <Extensions>cpp;c;cc;cxx;def;odl;idl;hpj;bat;asm;asmx</Extensions>
    </Filter>
    <Filter Include="Header Files">
      <UniqueIdentifier>{93995380-89BD-4b04-88EB-625FBE52EBFB}</UniqueIdentifier>
      <Extensions>h;hpp;hxx;hm;inl;inc;xsd</Extensions>
    </Filter>
    <Filter Include="Resource Files">
      <UniqueIdentifier>{67DA6AB6-F800-4c08-8B7A-83BB121AAD01}</UniqueIdentifier>
      <Extensions>rc;ico;cur;bmp;dlg;rc2;rct;bin;rgs;gif;jpg;jpeg;jpe;resx;tiff;tif;png;wav</Extensions>
    </Filter>
  </ItemGroup>
  <ItemGroup>
    <ClCompile Include="perf\inproc_lat.c">
      <Filter>Source Files</Filter>
    </ClCompile>
    <ClCompile Include="perf\inproc_thr.c">
      <Filter>Source Files</Filter>
    </ClCompile>
    <ClCompile Include="perf\local_lat.c">
      <Filter>Source Files</Filter>
    </ClCompile>
    <ClCompile Include="perf\local_thr.c">
      <Filter>Source Files</Filter>
    </ClCompile>
    <ClCompile Include="perf\remote_lat.c">
      <Filter>Source Files</Filter>
    </ClCompile>
    <ClCompile Include="perf\remote_thr.c">
      <Filter>Source Files</Filter>
    </ClCompile>
    <ClCompile Include="src\aio\ctx.c">
      <Filter>Source Files</Filter>
    </ClCompile>
    <ClCompile Include="src\aio\fsm.c">
      <Filter>Source Files</Filter>
    </ClCompile>
    <ClCompile Include="src\aio\poller.c">
      <Filter>Source Files</Filter>
    </ClCompile>
    <ClCompile Include="src\aio\pool.c">
      <Filter>Source Files</Filter>
    </ClCompile>
    <ClCompile Include="src\aio\timer.c">
      <Filter>Source Files</Filter>
    </ClCompile>
    <ClCompile Include="src\aio\timerset.c">
      <Filter>Source Files</Filter>
    </ClCompile>
    <ClCompile Include="src\aio\usock.c">
      <Filter>Source Files</Filter>
    </ClCompile>
    <ClCompile Include="src\aio\worker.c">
      <Filter>Source Files</Filter>
    </ClCompile>
    <ClCompile Include="src\core\device.c">
      <Filter>Source Files</Filter>
    </ClCompile>
    <ClCompile Include="src\core\ep.c">
      <Filter>Source Files</Filter>
    </ClCompile>
    <ClCompile Include="src\core\epbase.c">
      <Filter>Source Files</Filter>
    </ClCompile>
    <ClCompile Include="src\core\global.c">
      <Filter>Source Files</Filter>
    </ClCompile>
    <ClCompile Include="src\core\pipe.c">
      <Filter>Source Files</Filter>
    </ClCompile>
    <ClCompile Include="src\core\sock.c">
      <Filter>Source Files</Filter>
    </ClCompile>
    <ClCompile Include="src\core\sockbase.c">
      <Filter>Source Files</Filter>
    </ClCompile>
    <ClCompile Include="src\core\symbol.c">
      <Filter>Source Files</Filter>
    </ClCompile>
    <ClCompile Include="src\protocols\bus\bus.c">
      <Filter>Source Files</Filter>
    </ClCompile>
    <ClCompile Include="src\protocols\bus\xbus.c">
      <Filter>Source Files</Filter>
    </ClCompile>
    <ClCompile Include="src\protocols\pair\pair.c">
      <Filter>Source Files</Filter>
    </ClCompile>
    <ClCompile Include="src\protocols\pair\xpair.c">
      <Filter>Source Files</Filter>
    </ClCompile>
    <ClCompile Include="src\protocols\pipeline\pull.c">
      <Filter>Source Files</Filter>
    </ClCompile>
    <ClCompile Include="src\protocols\pipeline\push.c">
      <Filter>Source Files</Filter>
    </ClCompile>
    <ClCompile Include="src\protocols\pipeline\xpull.c">
      <Filter>Source Files</Filter>
    </ClCompile>
    <ClCompile Include="src\protocols\pipeline\xpush.c">
      <Filter>Source Files</Filter>
    </ClCompile>
    <ClCompile Include="src\protocols\pubsub\pub.c">
      <Filter>Source Files</Filter>
    </ClCompile>
    <ClCompile Include="src\protocols\pubsub\sub.c">
      <Filter>Source Files</Filter>
    </ClCompile>
    <ClCompile Include="src\protocols\pubsub\trie.c">
      <Filter>Source Files</Filter>
    </ClCompile>
    <ClCompile Include="src\protocols\reqrep\rep.c">
      <Filter>Source Files</Filter>
    </ClCompile>
    <ClCompile Include="src\protocols\reqrep\req.c">
      <Filter>Source Files</Filter>
    </ClCompile>
    <ClCompile Include="src\protocols\reqrep\xrep.c">
      <Filter>Source Files</Filter>
    </ClCompile>
    <ClCompile Include="src\protocols\reqrep\xreq.c">
      <Filter>Source Files</Filter>
    </ClCompile>
    <ClCompile Include="src\protocols\survey\respondent.c">
      <Filter>Source Files</Filter>
    </ClCompile>
    <ClCompile Include="src\protocols\survey\surveyor.c">
      <Filter>Source Files</Filter>
    </ClCompile>
    <ClCompile Include="src\protocols\survey\xrespondent.c">
      <Filter>Source Files</Filter>
    </ClCompile>
    <ClCompile Include="src\protocols\survey\xsurveyor.c">
      <Filter>Source Files</Filter>
    </ClCompile>
    <ClCompile Include="src\protocols\utils\dist.c">
      <Filter>Source Files</Filter>
    </ClCompile>
    <ClCompile Include="src\protocols\utils\excl.c">
      <Filter>Source Files</Filter>
    </ClCompile>
    <ClCompile Include="src\protocols\utils\fq.c">
      <Filter>Source Files</Filter>
    </ClCompile>
    <ClCompile Include="src\protocols\utils\lb.c">
      <Filter>Source Files</Filter>
    </ClCompile>
    <ClCompile Include="src\protocols\utils\priolist.c">
      <Filter>Source Files</Filter>
    </ClCompile>
    <ClCompile Include="src\transports\inproc\binproc.c">
      <Filter>Source Files</Filter>
    </ClCompile>
    <ClCompile Include="src\transports\inproc\cinproc.c">
      <Filter>Source Files</Filter>
    </ClCompile>
    <ClCompile Include="src\transports\inproc\inproc.c">
      <Filter>Source Files</Filter>
    </ClCompile>
    <ClCompile Include="src\transports\inproc\ins.c">
      <Filter>Source Files</Filter>
    </ClCompile>
    <ClCompile Include="src\transports\inproc\msgqueue.c">
      <Filter>Source Files</Filter>
    </ClCompile>
    <ClCompile Include="src\transports\inproc\sinproc.c">
      <Filter>Source Files</Filter>
    </ClCompile>
    <ClCompile Include="src\transports\ipc\aipc.c">
      <Filter>Source Files</Filter>
    </ClCompile>
    <ClCompile Include="src\transports\ipc\bipc.c">
      <Filter>Source Files</Filter>
    </ClCompile>
    <ClCompile Include="src\transports\ipc\cipc.c">
      <Filter>Source Files</Filter>
    </ClCompile>
    <ClCompile Include="src\transports\ipc\ipc.c">
      <Filter>Source Files</Filter>
    </ClCompile>
    <ClCompile Include="src\transports\ipc\sipc.c">
      <Filter>Source Files</Filter>
    </ClCompile>
    <ClCompile Include="src\transports\tcp\atcp.c">
      <Filter>Source Files</Filter>
    </ClCompile>
    <ClCompile Include="src\transports\tcp\btcp.c">
      <Filter>Source Files</Filter>
    </ClCompile>
    <ClCompile Include="src\transports\tcp\ctcp.c">
      <Filter>Source Files</Filter>
    </ClCompile>
    <ClCompile Include="src\transports\tcp\stcp.c">
      <Filter>Source Files</Filter>
    </ClCompile>
    <ClCompile Include="src\transports\tcp\tcp.c">
      <Filter>Source Files</Filter>
    </ClCompile>
    <ClCompile Include="src\transports\utils\backoff.c">
      <Filter>Source Files</Filter>
    </ClCompile>
    <ClCompile Include="src\transports\utils\dns.c">
      <Filter>Source Files</Filter>
    </ClCompile>
    <ClCompile Include="src\transports\utils\iface.c">
      <Filter>Source Files</Filter>
    </ClCompile>
    <ClCompile Include="src\transports\utils\literal.c">
      <Filter>Source Files</Filter>
    </ClCompile>
    <ClCompile Include="src\transports\utils\port.c">
      <Filter>Source Files</Filter>
    </ClCompile>
    <ClCompile Include="src\transports\utils\streamhdr.c">
      <Filter>Source Files</Filter>
    </ClCompile>
    <ClCompile Include="src\utils\alloc.c">
      <Filter>Source Files</Filter>
    </ClCompile>
    <ClCompile Include="src\utils\atomic.c">
      <Filter>Source Files</Filter>
    </ClCompile>
    <ClCompile Include="src\utils\chunk.c">
      <Filter>Source Files</Filter>
    </ClCompile>
    <ClCompile Include="src\utils\chunkref.c">
      <Filter>Source Files</Filter>
    </ClCompile>
    <ClCompile Include="src\utils\clock.c">
      <Filter>Source Files</Filter>
    </ClCompile>
    <ClCompile Include="src\utils\closefd.c">
      <Filter>Source Files</Filter>
    </ClCompile>
    <ClCompile Include="src\utils\efd.c">
      <Filter>Source Files</Filter>
    </ClCompile>
    <ClCompile Include="src\utils\err.c">
      <Filter>Source Files</Filter>
    </ClCompile>
    <ClCompile Include="src\utils\glock.c">
      <Filter>Source Files</Filter>
    </ClCompile>
    <ClCompile Include="src\utils\hash.c">
      <Filter>Source Files</Filter>
    </ClCompile>
    <ClCompile Include="src\utils\list.c">
      <Filter>Source Files</Filter>
    </ClCompile>
    <ClCompile Include="src\utils\msg.c">
      <Filter>Source Files</Filter>
    </ClCompile>
    <ClCompile Include="src\utils\mutex.c">
      <Filter>Source Files</Filter>
    </ClCompile>
    <ClCompile Include="src\utils\queue.c">
      <Filter>Source Files</Filter>
    </ClCompile>
    <ClCompile Include="src\utils\random.c">
      <Filter>Source Files</Filter>
    </ClCompile>
    <ClCompile Include="src\utils\sem.c">
      <Filter>Source Files</Filter>
    </ClCompile>
    <ClCompile Include="src\utils\sleep.c">
      <Filter>Source Files</Filter>
    </ClCompile>
    <ClCompile Include="src\utils\stopwatch.c">
      <Filter>Source Files</Filter>
    </ClCompile>
    <ClCompile Include="src\utils\thread.c">
      <Filter>Source Files</Filter>
    </ClCompile>
    <ClCompile Include="src\utils\wire.c">
      <Filter>Source Files</Filter>
    </ClCompile>
    <ClCompile Include="tests\block.c">
      <Filter>Source Files</Filter>
    </ClCompile>
    <ClCompile Include="tests\bus.c">
      <Filter>Source Files</Filter>
    </ClCompile>
    <ClCompile Include="tests\device.c">
      <Filter>Source Files</Filter>
    </ClCompile>
    <ClCompile Include="tests\domain.c">
      <Filter>Source Files</Filter>
    </ClCompile>
    <ClCompile Include="tests\emfile.c">
      <Filter>Source Files</Filter>
    </ClCompile>
    <ClCompile Include="tests\hash.c">
      <Filter>Source Files</Filter>
    </ClCompile>
    <ClCompile Include="tests\inproc.c">
      <Filter>Source Files</Filter>
    </ClCompile>
    <ClCompile Include="tests\inproc_shutdown.c">
      <Filter>Source Files</Filter>
    </ClCompile>
    <ClCompile Include="tests\iovec.c">
      <Filter>Source Files</Filter>
    </ClCompile>
    <ClCompile Include="tests\ipc.c">
      <Filter>Source Files</Filter>
    </ClCompile>
    <ClCompile Include="tests\ipc_shutdown.c">
      <Filter>Source Files</Filter>
    </ClCompile>
    <ClCompile Include="tests\list.c">
      <Filter>Source Files</Filter>
    </ClCompile>
    <ClCompile Include="tests\msg.c">
      <Filter>Source Files</Filter>
    </ClCompile>
    <ClCompile Include="tests\pair.c">
      <Filter>Source Files</Filter>
    </ClCompile>
    <ClCompile Include="tests\pipeline.c">
      <Filter>Source Files</Filter>
    </ClCompile>
    <ClCompile Include="tests\poll.c">
      <Filter>Source Files</Filter>
    </ClCompile>
    <ClCompile Include="tests\prio.c">
      <Filter>Source Files</Filter>
    </ClCompile>
    <ClCompile Include="tests\pubsub.c">
      <Filter>Source Files</Filter>
    </ClCompile>
    <ClCompile Include="tests\reqrep.c">
      <Filter>Source Files</Filter>
    </ClCompile>
    <ClCompile Include="tests\separation.c">
      <Filter>Source Files</Filter>
    </ClCompile>
    <ClCompile Include="tests\shutdown.c">
      <Filter>Source Files</Filter>
    </ClCompile>
    <ClCompile Include="tests\survey.c">
      <Filter>Source Files</Filter>
    </ClCompile>
    <ClCompile Include="tests\symbol.c">
      <Filter>Source Files</Filter>
    </ClCompile>
    <ClCompile Include="tests\tcp.c">
      <Filter>Source Files</Filter>
    </ClCompile>
    <ClCompile Include="tests\tcp_shutdown.c">
      <Filter>Source Files</Filter>
    </ClCompile>
    <ClCompile Include="tests\term.c">
      <Filter>Source Files</Filter>
    </ClCompile>
    <ClCompile Include="tests\timeo.c">
      <Filter>Source Files</Filter>
    </ClCompile>
    <ClCompile Include="tests\trie.c">
      <Filter>Source Files</Filter>
    </ClCompile>
    <ClCompile Include="tests\zerocopy.c">
      <Filter>Source Files</Filter>
    </ClCompile>
    <ClCompile Include="tools\nanocat.c">
      <Filter>Source Files</Filter>
    </ClCompile>
    <ClCompile Include="tools\options.c">
      <Filter>Source Files</Filter>
    </ClCompile>
  </ItemGroup>
  <ItemGroup>
    <ClInclude Include="src\bus.h">
      <Filter>Header Files</Filter>
    </ClInclude>
    <ClInclude Include="src\inproc.h">
      <Filter>Header Files</Filter>
    </ClInclude>
    <ClInclude Include="src\ipc.h">
      <Filter>Header Files</Filter>
    </ClInclude>
    <ClInclude Include="src\nn.h">
      <Filter>Header Files</Filter>
    </ClInclude>
    <ClInclude Include="src\pair.h">
      <Filter>Header Files</Filter>
    </ClInclude>
    <ClInclude Include="src\pipeline.h">
      <Filter>Header Files</Filter>
    </ClInclude>
    <ClInclude Include="src\protocol.h">
      <Filter>Header Files</Filter>
    </ClInclude>
    <ClInclude Include="src\pubsub.h">
      <Filter>Header Files</Filter>
    </ClInclude>
    <ClInclude Include="src\reqrep.h">
      <Filter>Header Files</Filter>
    </ClInclude>
    <ClInclude Include="src\survey.h">
      <Filter>Header Files</Filter>
    </ClInclude>
    <ClInclude Include="src\tcp.h">
      <Filter>Header Files</Filter>
    </ClInclude>
    <ClInclude Include="src\transport.h">
      <Filter>Header Files</Filter>
    </ClInclude>
    <ClInclude Include="src\aio\ctx.h">
      <Filter>Header Files</Filter>
    </ClInclude>
    <ClInclude Include="src\aio\fsm.h">
      <Filter>Header Files</Filter>
    </ClInclude>
    <ClInclude Include="src\aio\poller.h">
      <Filter>Header Files</Filter>
    </ClInclude>
    <ClInclude Include="src\aio\poller_epoll.h">
      <Filter>Header Files</Filter>
    </ClInclude>
    <ClInclude Include="src\aio\poller_kqueue.h">
      <Filter>Header Files</Filter>
    </ClInclude>
    <ClInclude Include="src\aio\poller_poll.h">
      <Filter>Header Files</Filter>
    </ClInclude>
    <ClInclude Include="src\aio\pool.h">
      <Filter>Header Files</Filter>
    </ClInclude>
    <ClInclude Include="src\aio\timer.h">
      <Filter>Header Files</Filter>
    </ClInclude>
    <ClInclude Include="src\aio\timerset.h">
      <Filter>Header Files</Filter>
    </ClInclude>
    <ClInclude Include="src\aio\usock.h">
      <Filter>Header Files</Filter>
    </ClInclude>
    <ClInclude Include="src\aio\usock_posix.h">
      <Filter>Header Files</Filter>
    </ClInclude>
    <ClInclude Include="src\aio\usock_win.h">
      <Filter>Header Files</Filter>
    </ClInclude>
    <ClInclude Include="src\aio\worker.h">
      <Filter>Header Files</Filter>
    </ClInclude>
    <ClInclude Include="src\aio\worker_posix.h">
      <Filter>Header Files</Filter>
    </ClInclude>
    <ClInclude Include="src\aio\worker_win.h">
      <Filter>Header Files</Filter>
    </ClInclude>
    <ClInclude Include="src\core\ep.h">
      <Filter>Header Files</Filter>
    </ClInclude>
    <ClInclude Include="src\core\global.h">
      <Filter>Header Files</Filter>
    </ClInclude>
    <ClInclude Include="src\core\sock.h">
      <Filter>Header Files</Filter>
    </ClInclude>
    <ClInclude Include="src\protocols\bus\bus.h">
      <Filter>Header Files</Filter>
    </ClInclude>
    <ClInclude Include="src\protocols\bus\xbus.h">
      <Filter>Header Files</Filter>
    </ClInclude>
    <ClInclude Include="src\protocols\pair\pair.h">
      <Filter>Header Files</Filter>
    </ClInclude>
    <ClInclude Include="src\protocols\pair\xpair.h">
      <Filter>Header Files</Filter>
    </ClInclude>
    <ClInclude Include="src\protocols\pipeline\pull.h">
      <Filter>Header Files</Filter>
    </ClInclude>
    <ClInclude Include="src\protocols\pipeline\push.h">
      <Filter>Header Files</Filter>
    </ClInclude>
    <ClInclude Include="src\protocols\pipeline\xpull.h">
      <Filter>Header Files</Filter>
    </ClInclude>
    <ClInclude Include="src\protocols\pipeline\xpush.h">
      <Filter>Header Files</Filter>
    </ClInclude>
    <ClInclude Include="src\protocols\pubsub\pub.h">
      <Filter>Header Files</Filter>
    </ClInclude>
    <ClInclude Include="src\protocols\pubsub\sub.h">
      <Filter>Header Files</Filter>
    </ClInclude>
    <ClInclude Include="src\protocols\pubsub\trie.h">
      <Filter>Header Files</Filter>
    </ClInclude>
    <ClInclude Include="src\protocols\reqrep\rep.h">
      <Filter>Header Files</Filter>
    </ClInclude>
    <ClInclude Include="src\protocols\reqrep\req.h">
      <Filter>Header Files</Filter>
    </ClInclude>
    <ClInclude Include="src\protocols\reqrep\xrep.h">
      <Filter>Header Files</Filter>
    </ClInclude>
    <ClInclude Include="src\protocols\reqrep\xreq.h">
      <Filter>Header Files</Filter>
    </ClInclude>
    <ClInclude Include="src\protocols\survey\respondent.h">
      <Filter>Header Files</Filter>
    </ClInclude>
    <ClInclude Include="src\protocols\survey\surveyor.h">
      <Filter>Header Files</Filter>
    </ClInclude>
    <ClInclude Include="src\protocols\survey\xrespondent.h">
      <Filter>Header Files</Filter>
    </ClInclude>
    <ClInclude Include="src\protocols\survey\xsurveyor.h">
      <Filter>Header Files</Filter>
    </ClInclude>
    <ClInclude Include="src\protocols\utils\dist.h">
      <Filter>Header Files</Filter>
    </ClInclude>
    <ClInclude Include="src\protocols\utils\excl.h">
      <Filter>Header Files</Filter>
    </ClInclude>
    <ClInclude Include="src\protocols\utils\fq.h">
      <Filter>Header Files</Filter>
    </ClInclude>
    <ClInclude Include="src\protocols\utils\lb.h">
      <Filter>Header Files</Filter>
    </ClInclude>
    <ClInclude Include="src\protocols\utils\priolist.h">
      <Filter>Header Files</Filter>
    </ClInclude>
    <ClInclude Include="src\transports\inproc\binproc.h">
      <Filter>Header Files</Filter>
    </ClInclude>
    <ClInclude Include="src\transports\inproc\cinproc.h">
      <Filter>Header Files</Filter>
    </ClInclude>
    <ClInclude Include="src\transports\inproc\inproc.h">
      <Filter>Header Files</Filter>
    </ClInclude>
    <ClInclude Include="src\transports\inproc\ins.h">
      <Filter>Header Files</Filter>
    </ClInclude>
    <ClInclude Include="src\transports\inproc\msgqueue.h">
      <Filter>Header Files</Filter>
    </ClInclude>
    <ClInclude Include="src\transports\inproc\sinproc.h">
      <Filter>Header Files</Filter>
    </ClInclude>
    <ClInclude Include="src\transports\ipc\aipc.h">
      <Filter>Header Files</Filter>
    </ClInclude>
    <ClInclude Include="src\transports\ipc\bipc.h">
      <Filter>Header Files</Filter>
    </ClInclude>
    <ClInclude Include="src\transports\ipc\cipc.h">
      <Filter>Header Files</Filter>
    </ClInclude>
    <ClInclude Include="src\transports\ipc\ipc.h">
      <Filter>Header Files</Filter>
    </ClInclude>
    <ClInclude Include="src\transports\ipc\sipc.h">
      <Filter>Header Files</Filter>
    </ClInclude>
    <ClInclude Include="src\transports\tcp\atcp.h">
      <Filter>Header Files</Filter>
    </ClInclude>
    <ClInclude Include="src\transports\tcp\btcp.h">
      <Filter>Header Files</Filter>
    </ClInclude>
    <ClInclude Include="src\transports\tcp\ctcp.h">
      <Filter>Header Files</Filter>
    </ClInclude>
    <ClInclude Include="src\transports\tcp\stcp.h">
      <Filter>Header Files</Filter>
    </ClInclude>
    <ClInclude Include="src\transports\tcp\tcp.h">
      <Filter>Header Files</Filter>
    </ClInclude>
    <ClInclude Include="src\transports\utils\backoff.h">
      <Filter>Header Files</Filter>
    </ClInclude>
    <ClInclude Include="src\transports\utils\dns.h">
      <Filter>Header Files</Filter>
    </ClInclude>
    <ClInclude Include="src\transports\utils\dns_getaddrinfo.h">
      <Filter>Header Files</Filter>
    </ClInclude>
    <ClInclude Include="src\transports\utils\dns_getaddrinfo_a.h">
      <Filter>Header Files</Filter>
    </ClInclude>
    <ClInclude Include="src\transports\utils\iface.h">
      <Filter>Header Files</Filter>
    </ClInclude>
    <ClInclude Include="src\transports\utils\literal.h">
      <Filter>Header Files</Filter>
    </ClInclude>
    <ClInclude Include="src\transports\utils\port.h">
      <Filter>Header Files</Filter>
    </ClInclude>
    <ClInclude Include="src\transports\utils\streamhdr.h">
      <Filter>Header Files</Filter>
    </ClInclude>
    <ClInclude Include="src\utils\alloc.h">
      <Filter>Header Files</Filter>
    </ClInclude>
    <ClInclude Include="src\utils\atomic.h">
      <Filter>Header Files</Filter>
    </ClInclude>
    <ClInclude Include="src\utils\chunk.h">
      <Filter>Header Files</Filter>
    </ClInclude>
    <ClInclude Include="src\utils\chunkref.h">
      <Filter>Header Files</Filter>
    </ClInclude>
    <ClInclude Include="src\utils\clock.h">
      <Filter>Header Files</Filter>
    </ClInclude>
    <ClInclude Include="src\utils\closefd.h">
      <Filter>Header Files</Filter>
    </ClInclude>
    <ClInclude Include="src\utils\cont.h">
      <Filter>Header Files</Filter>
    </ClInclude>
    <ClInclude Include="src\utils\efd.h">
      <Filter>Header Files</Filter>
    </ClInclude>
    <ClInclude Include="src\utils\efd_eventfd.h">
      <Filter>Header Files</Filter>
    </ClInclude>
    <ClInclude Include="src\utils\efd_pipe.h">
      <Filter>Header Files</Filter>
    </ClInclude>
    <ClInclude Include="src\utils\efd_socketpair.h">
      <Filter>Header Files</Filter>
    </ClInclude>
    <ClInclude Include="src\utils\efd_win.h">
      <Filter>Header Files</Filter>
    </ClInclude>
    <ClInclude Include="src\utils\err.h">
      <Filter>Header Files</Filter>
    </ClInclude>
    <ClInclude Include="src\utils\fast.h">
      <Filter>Header Files</Filter>
    </ClInclude>
    <ClInclude Include="src\utils\fd.h">
      <Filter>Header Files</Filter>
    </ClInclude>
    <ClInclude Include="src\utils\glock.h">
      <Filter>Header Files</Filter>
    </ClInclude>
    <ClInclude Include="src\utils\hash.h">
      <Filter>Header Files</Filter>
    </ClInclude>
    <ClInclude Include="src\utils\int.h">
      <Filter>Header Files</Filter>
    </ClInclude>
    <ClInclude Include="src\utils\list.h">
      <Filter>Header Files</Filter>
    </ClInclude>
    <ClInclude Include="src\utils\msg.h">
      <Filter>Header Files</Filter>
    </ClInclude>
    <ClInclude Include="src\utils\mutex.h">
      <Filter>Header Files</Filter>
    </ClInclude>
    <ClInclude Include="src\utils\queue.h">
      <Filter>Header Files</Filter>
    </ClInclude>
    <ClInclude Include="src\utils\random.h">
      <Filter>Header Files</Filter>
    </ClInclude>
    <ClInclude Include="src\utils\sem.h">
      <Filter>Header Files</Filter>
    </ClInclude>
    <ClInclude Include="src\utils\sleep.h">
      <Filter>Header Files</Filter>
    </ClInclude>
    <ClInclude Include="src\utils\stopwatch.h">
      <Filter>Header Files</Filter>
    </ClInclude>
    <ClInclude Include="src\utils\thread.h">
      <Filter>Header Files</Filter>
    </ClInclude>
    <ClInclude Include="src\utils\thread_posix.h">
      <Filter>Header Files</Filter>
    </ClInclude>
    <ClInclude Include="src\utils\thread_win.h">
      <Filter>Header Files</Filter>
    </ClInclude>
    <ClInclude Include="src\utils\win.h">
      <Filter>Header Files</Filter>
    </ClInclude>
    <ClInclude Include="src\utils\wire.h">
      <Filter>Header Files</Filter>
    </ClInclude>
    <ClInclude Include="tests\testutil.h">
      <Filter>Header Files</Filter>
    </ClInclude>
    <ClInclude Include="tools\options.h">
      <Filter>Header Files</Filter>
    </ClInclude>
  </ItemGroup>
  <ItemGroup>
    <None Include="src\aio\poller_epoll.inc">
      <Filter>Header Files</Filter>
    </None>
    <None Include="src\aio\poller_kqueue.inc">
      <Filter>Header Files</Filter>
    </None>
    <None Include="src\aio\poller_poll.inc">
      <Filter>Header Files</Filter>
    </None>
    <None Include="src\aio\usock_posix.inc">
      <Filter>Header Files</Filter>
    </None>
    <None Include="src\aio\usock_win.inc">
      <Filter>Header Files</Filter>
    </None>
    <None Include="src\aio\worker_posix.inc">
      <Filter>Header Files</Filter>
    </None>
    <None Include="src\aio\worker_win.inc">
      <Filter>Header Files</Filter>
    </None>
    <None Include="src\transports\utils\dns_getaddrinfo.inc">
      <Filter>Header Files</Filter>
    </None>
    <None Include="src\transports\utils\dns_getaddrinfo_a.inc">
      <Filter>Header Files</Filter>
    </None>
    <None Include="src\utils\efd_eventfd.inc">
      <Filter>Header Files</Filter>
    </None>
    <None Include="src\utils\efd_pipe.inc">
      <Filter>Header Files</Filter>
    </None>
    <None Include="src\utils\efd_socketpair.inc">
      <Filter>Header Files</Filter>
    </None>
    <None Include="src\utils\efd_win.inc">
      <Filter>Header Files</Filter>
    </None>
    <None Include="src\utils\thread_posix.inc">
      <Filter>Header Files</Filter>
    </None>
    <None Include="src\utils\thread_win.inc">
      <Filter>Header Files</Filter>
    </None>
  </ItemGroup>
</Project>